
Microsoft Visual Studio Solution File, Format Version 12.00
# Visual Studio Version 16
VisualStudioVersion = 16.0.31105.61
MinimumVisualStudioVersion = 10.0.40219.1
Project("{FAE04EC0-301F-11D3-BF4B-00C04F79EFBC}") = "UserInputExercise", "UserInputExercise\UserInputExercise.csproj", "{572E3826-C3E3-443C-AB50-D8CBC5F66FE3}"
EndProject
Global
	GlobalSection(SolutionConfigurationPlatforms) = preSolution
		Debug|Any CPU = Debug|Any CPU
		Release|Any CPU = Release|Any CPU
	EndGlobalSection
	GlobalSection(ProjectConfigurationPlatforms) = postSolution
		{572E3826-C3E3-443C-AB50-D8CBC5F66FE3}.Debug|Any CPU.ActiveCfg = Debug|Any CPU
		{572E3826-C3E3-443C-AB50-D8CBC5F66FE3}.Debug|Any CPU.Build.0 = Debug|Any CPU
		{572E3826-C3E3-443C-AB50-D8CBC5F66FE3}.Release|Any CPU.ActiveCfg = Release|Any CPU
		{572E3826-C3E3-443C-AB50-D8CBC5F66FE3}.Release|Any CPU.Build.0 = Release|Any CPU
	EndGlobalSection
	GlobalSection(SolutionProperties) = preSolution
		HideSolutionNode = FALSE
	EndGlobalSection
	GlobalSection(ExtensibilityGlobals) = postSolution
		SolutionGuid = {76C50319-D178-47C5-AEEA-8DDA4EDC2FF5}
	EndGlobalSection
EndGlobal
